// !$*UTF8*$!
{
	archiveVersion = 1;
	classes = {
	};
	objectVersion = 48;
	objects = {

/* Begin PBXBuildFile section */
		5205370E202A6970002A0B91 /* MemedPhoto.swift in Sources */ = {isa = PBXBuildFile; fileRef = 5205370D202A6970002A0B91 /* MemedPhoto.swift */; };
		520FC37A202A4813003789EE /* CustomTextFieldDelegate.swift in Sources */ = {isa = PBXBuildFile; fileRef = 520FC379202A4813003789EE /* CustomTextFieldDelegate.swift */; };
		528F6CA72029E8F400446BEF /* AppDelegate.swift in Sources */ = {isa = PBXBuildFile; fileRef = 528F6CA62029E8F400446BEF /* AppDelegate.swift */; };
		528F6CA92029E8F400446BEF /* ViewController.swift in Sources */ = {isa = PBXBuildFile; fileRef = 528F6CA82029E8F400446BEF /* ViewController.swift */; };
		528F6CAC2029E8F400446BEF /* Main.storyboard in Resources */ = {isa = PBXBuildFile; fileRef = 528F6CAA2029E8F400446BEF /* Main.storyboard */; };
		528F6CAE2029E8F400446BEF /* Assets.xcassets in Resources */ = {isa = PBXBuildFile; fileRef = 528F6CAD2029E8F400446BEF /* Assets.xcassets */; };
		528F6CB12029E8F400446BEF /* LaunchScreen.storyboard in Resources */ = {isa = PBXBuildFile; fileRef = 528F6CAF2029E8F400446BEF /* LaunchScreen.storyboard */; };
/* End PBXBuildFile section */

/* Begin PBXFileReference section */
		5205370D202A6970002A0B91 /* MemedPhoto.swift */ = {isa = PBXFileReference; lastKnownFileType = sourcecode.swift; path = MemedPhoto.swift; sourceTree = "<group>"; };
		520FC379202A4813003789EE /* CustomTextFieldDelegate.swift */ = {isa = PBXFileReference; lastKnownFileType = sourcecode.swift; path = CustomTextFieldDelegate.swift; sourceTree = "<group>"; };
		528F6CA32029E8F400446BEF /* HowToPickImageFromImagepicker.app */ = {isa = PBXFileReference; explicitFileType = wrapper.application; includeInIndex = 0; path = HowToPickImageFromImagepicker.app; sourceTree = BUILT_PRODUCTS_DIR; };
		528F6CA62029E8F400446BEF /* AppDelegate.swift */ = {isa = PBXFileReference; lastKnownFileType = sourcecode.swift; path = AppDelegate.swift; sourceTree = "<group>"; };
		528F6CA82029E8F400446BEF /* ViewController.swift */ = {isa = PBXFileReference; lastKnownFileType = sourcecode.swift; path = ViewController.swift; sourceTree = "<group>"; };
		528F6CAB2029E8F400446BEF /* Base */ = {isa = PBXFileReference; lastKnownFileType = file.storyboard; name = Base; path = Base.lproj/Main.storyboard; sourceTree = "<group>"; };
		528F6CAD2029E8F400446BEF /* Assets.xcassets */ = {isa = PBXFileReference; lastKnownFileType = folder.assetcatalog; path = Assets.xcassets; sourceTree = "<group>"; };
		528F6CB02029E8F400446BEF /* Base */ = {isa = PBXFileReference; lastKnownFileType = file.storyboard; name = Base; path = Base.lproj/LaunchScreen.storyboard; sourceTree = "<group>"; };
		528F6CB22029E8F400446BEF /* Info.plist */ = {isa = PBXFileReference; lastKnownFileType = text.plist.xml; path = Info.plist; sourceTree = "<group>"; };
/* End PBXFileReference section */

/* Begin PBXFrameworksBuildPhase section */
		528F6CA02029E8F400446BEF /* Frameworks */ = {
			isa = PBXFrameworksBuildPhase;
			buildActionMask = 2147483647;
			files = (
			);
			runOnlyForDeploymentPostprocessing = 0;
		};
/* End PBXFrameworksBuildPhase section */

/* Begin PBXGroup section */
		528F6C9A2029E8F300446BEF = {
			isa = PBXGroup;
			children = (
				528F6CA52029E8F400446BEF /* HowToPickImageFromImagepicker */,
				528F6CA42029E8F400446BEF /* Products */,
			);
			sourceTree = "<group>";
		};
		528F6CA42029E8F400446BEF /* Products */ = {
			isa = PBXGroup;
			children = (
				528F6CA32029E8F400446BEF /* HowToPickImageFromImagepicker.app */,
			);
			name = Products;
			sourceTree = "<group>";
		};
		528F6CA52029E8F400446BEF /* HowToPickImageFromImagepicker */ = {
			isa = PBXGroup;
			children = (
				528F6CA62029E8F400446BEF /* AppDelegate.swift */,
				528F6CA82029E8F400446BEF /* ViewController.swift */,
				520FC379202A4813003789EE /* CustomTextFieldDelegate.swift */,
				5205370D202A6970002A0B91 /* MemedPhoto.swift */,
				528F6CAA2029E8F400446BEF /* Main.storyboard */,
				528F6CAD2029E8F400446BEF /* Assets.xcassets */,
				528F6CAF2029E8F400446BEF /* LaunchScreen.storyboard */,
				528F6CB22029E8F400446BEF /* Info.plist */,
			);
			path = HowToPickImageFromImagepicker;
			sourceTree = "<group>";
		};
/* End PBXGroup section */

/* Begin PBXNativeTarget section */
		528F6CA22029E8F400446BEF /* HowToPickImageFromImagepicker */ = {
			isa = PBXNativeTarget;
			buildConfigurationList = 528F6CB52029E8F400446BEF /* Build configuration list for PBXNativeTarget "HowToPickImageFromImagepicker" */;
			buildPhases = (
				528F6C9F2029E8F400446BEF /* Sources */,
				528F6CA02029E8F400446BEF /* Frameworks */,
				528F6CA12029E8F400446BEF /* Resources */,
			);
			buildRules = (
			);
			dependencies = (
			);
			name = HowToPickImageFromImagepicker;
			productName = HowToPickImageFromImagepicker;
			productReference = 528F6CA32029E8F400446BEF /* HowToPickImageFromImagepicker.app */;
			productType = "com.apple.product-type.application";
		};
/* End PBXNativeTarget section */

/* Begin PBXProject section */
		528F6C9B2029E8F300446BEF /* Project object */ = {
			isa = PBXProject;
			attributes = {
				LastSwiftUpdateCheck = 0920;
				LastUpgradeCheck = 0920;
				ORGANIZATIONNAME = Dimasno1;
				TargetAttributes = {
					528F6CA22029E8F400446BEF = {
						CreatedOnToolsVersion = 9.2;
						ProvisioningStyle = Automatic;
					};
				};
			};
			buildConfigurationList = 528F6C9E2029E8F300446BEF /* Build configuration list for PBXProject "HowToPickImageFromImagepicker" */;
			compatibilityVersion = "Xcode 8.0";
			developmentRegion = en;
			hasScannedForEncodings = 0;
			knownRegions = (
				en,
				Base,
			);
			mainGroup = 528F6C9A2029E8F300446BEF;
			productRefGroup = 528F6CA42029E8F400446BEF /* Products */;
			projectDirPath = "";
			projectRoot = "";
			targets = (
				528F6CA22029E8F400446BEF /* HowToPickImageFromImagepicker */,
			);
		};
/* End PBXProject section */

/* Begin PBXResourcesBuildPhase section */
		528F6CA12029E8F400446BEF /* Resources */ = {
			isa = PBXResourcesBuildPhase;
			buildActionMask = 2147483647;
			files = (
				528F6CB12029E8F400446BEF /* LaunchScreen.storyboard in Resources */,
				528F6CAE2029E8F400446BEF /* Assets.xcassets in Resources */,
				528F6CAC2029E8F400446BEF /* Main.storyboard in Resources */,
			);
			runOnlyForDeploymentPostprocessing = 0;
		};
/* End PBXResourcesBuildPhase section */

/* Begin PBXSourcesBuildPhase section */
		528F6C9F2029E8F400446BEF /* Sources */ = {
			isa = PBXSourcesBuildPhase;
			buildActionMask = 2147483647;
			files = (
				528F6CA92029E8F400446BEF /* ViewController.swift in Sources */,
				5205370E202A6970002A0B91 /* MemedPhoto.swift in Sources */,
				528F6CA72029E8F400446BEF /* AppDelegate.swift in Sources */,
				520FC37A202A4813003789EE /* CustomTextFieldDelegate.swift in Sources */,
			);
			runOnlyForDeploymentPostprocessing = 0;
		};
/* End PBXSourcesBuildPhase section */

/* Begin PBXVariantGroup section */
		528F6CAA2029E8F400446BEF /* Main.storyboard */ = {
			isa = PBXVariantGroup;
			children = (
				528F6CAB2029E8F400446BEF /* Base */,
			);
			name = Main.storyboard;
			sourceTree = "<group>";
		};
		528F6CAF2029E8F400446BEF /* LaunchScreen.storyboard */ = {
			isa = PBXVariantGroup;
			children = (
				528F6CB02029E8F400446BEF /* Base */,
			);
			name = LaunchScreen.storyboard;
			sourceTree = "<group>";
		};
/* End PBXVariantGroup section */

/* Begin XCBuildConfiguration section */
		528F6CB32029E8F400446BEF /* Debug */ = {
			isa = XCBuildConfiguration;
			buildSettings = {
				ALWAYS_SEARCH_USER_PATHS = NO;
				CLANG_ANALYZER_NONNULL = YES;
				CLANG_ANALYZER_NUMBER_OBJECT_CONVERSION = YES_AGGRESSIVE;
				CLANG_CXX_LANGUAGE_STANDARD = "gnu++14";
				CLANG_CXX_LIBRARY = "libc++";
				CLANG_ENABLE_MODULES = YES;
				CLANG_ENABLE_OBJC_ARC = YES;
				CLANG_WARN_BLOCK_CAPTURE_AUTORELEASING = YES;
				CLANG_WARN_BOOL_CONVERSION = YES;
				CLANG_WARN_COMMA = YES;
				CLANG_WARN_CONSTANT_CONVERSION = YES;
				CLANG_WARN_DIRECT_OBJC_ISA_USAGE = YES_ERROR;
				CLANG_WARN_DOCUMENTATION_COMMENTS = YES;
				CLANG_WARN_EMPTY_BODY = YES;
				CLANG_WARN_ENUM_CONVERSION = YES;
				CLANG_WARN_INFINITE_RECURSION = YES;
				CLANG_WARN_INT_CONVERSION = YES;
				CLANG_WARN_NON_LITERAL_NULL_CONVERSION = YES;
				CLANG_WARN_OBJC_LITERAL_CONVERSION = YES;
				CLANG_WARN_OBJC_ROOT_CLASS = YES_ERROR;
				CLANG_WARN_RANGE_LOOP_ANALYSIS = YES;
				CLANG_WARN_STRICT_PROTOTYPES = YES;
				CLANG_WARN_SUSPICIOUS_MOVE = YES;
				CLANG_WARN_UNGUARDED_AVAILABILITY = YES_AGGRESSIVE;
				CLANG_WARN_UNREACHABLE_CODE = YES;
				CLANG_WARN__DUPLICATE_METHOD_MATCH = YES;
				CODE_SIGN_IDENTITY = "iPhone Developer";
				COPY_PHASE_STRIP = NO;
				DEBUG_INFORMATION_FORMAT = dwarf;
				ENABLE_STRICT_OBJC_MSGSEND = YES;
				ENABLE_TESTABILITY = YES;
				GCC_C_LANGUAGE_STANDARD = gnu11;
				GCC_DYNAMIC_NO_PIC = NO;
				GCC_NO_COMMON_BLOCKS = YES;
				GCC_OPTIMIZATION_LEVEL = 0;
				GCC_PREPROCESSOR_DEFINITIONS = (
					"DEBUG=1",
					"$(inherited)",
				);
				GCC_WARN_64_TO_32_BIT_CONVERSION = YES;
				GCC_WARN_ABOUT_RETURN_TYPE = YES_ERROR;
				GCC_WARN_UNDECLARED_SELECTOR = YES;
				GCC_WARN_UNINITIALIZED_AUTOS = YES_AGGRESSIVE;
				GCC_WARN_UNUSED_FUNCTION = YES;
				GCC_WARN_UNUSED_VARIABLE = YES;
				IPHONEOS_DEPLOYMENT_TARGET = 11.2;
				MTL_ENABLE_DEBUG_INFO = YES;
				ONLY_ACTIVE_ARCH = YES;
				SDKROOT = iphoneos;
				SWIFT_ACTIVE_COMPILATION_CONDITIONS = DEBUG;
				SWIFT_OPTIMIZATION_LEVEL = "-Onone";
			};
			name = Debug;
		};
		528F6CB42029E8F400446BEF /* Release */ = {
			isa = XCBuildConfiguration;
			buildSettings = {
				ALWAYS_SEARCH_USER_PATHS = NO;
				CLANG_ANALYZER_NONNULL = YES;
				CLANG_ANALYZER_NUMBER_OBJECT_CONVERSION = YES_AGGRESSIVE;
				CLANG_CXX_LANGUAGE_STANDARD = "gnu++14";
				CLANG_CXX_LIBRARY = "libc++";
				CLANG_ENABLE_MODULES = YES;
				CLANG_ENABLE_OBJC_ARC = YES;
				CLANG_WARN_BLOCK_CAPTURE_AUTORELEASING = YES;
				CLANG_WARN_BOOL_CONVERSION = YES;
				CLANG_WARN_COMMA = YES;
				CLANG_WARN_CONSTANT_CONVERSION = YES;
				CLANG_WARN_DIRECT_OBJC_ISA_USAGE = YES_ERROR;
				CLANG_WARN_DOCUMENTATION_COMMENTS = YES;
				CLANG_WARN_EMPTY_BODY = YES;
				CLANG_WARN_ENUM_CONVERSION = YES;
				CLANG_WARN_INFINITE_RECURSION = YES;
				CLANG_WARN_INT_CONVERSION = YES;
				CLANG_WARN_NON_LITERAL_NULL_CONVERSION = YES;
				CLANG_WARN_OBJC_LITERAL_CONVERSION = YES;
				CLANG_WARN_OBJC_ROOT_CLASS = YES_ERROR;
				CLANG_WARN_RANGE_LOOP_ANALYSIS = YES;
				CLANG_WARN_STRICT_PROTOTYPES = YES;
				CLANG_WARN_SUSPICIOUS_MOVE = YES;
				CLANG_WARN_UNGUARDED_AVAILABILITY = YES_AGGRESSIVE;
				CLANG_WARN_UNREACHABLE_CODE = YES;
				CLANG_WARN__DUPLICATE_METHOD_MATCH = YES;
				CODE_SIGN_IDENTITY = "iPhone Developer";
				COPY_PHASE_STRIP = NO;
				DEBUG_INFORMATION_FORMAT = "dwarf-with-dsym";
				ENABLE_NS_ASSERTIONS = NO;
				ENABLE_STRICT_OBJC_MSGSEND = YES;
				GCC_C_LANGUAGE_STANDARD = gnu11;
				GCC_NO_COMMON_BLOCKS = YES;
				GCC_WARN_64_TO_32_BIT_CONVERSION = YES;
				GCC_WARN_ABOUT_RETURN_TYPE = YES_ERROR;
				GCC_WARN_UNDECLARED_SELECTOR = YES;
				GCC_WARN_UNINITIALIZED_AUTOS = YES_AGGRESSIVE;
				GCC_WARN_UNUSED_FUNCTION = YES;
				GCC_WARN_UNUSED_VARIABLE = YES;
				IPHONEOS_DEPLOYMENT_TARGET = 11.2;
				MTL_ENABLE_DEBUG_INFO = NO;
				SDKROOT = iphoneos;
				SWIFT_OPTIMIZATION_LEVEL = "-Owholemodule";
				VALIDATE_PRODUCT = YES;
			};
			name = Release;
		};
		528F6CB62029E8F400446BEF /* Debug */ = {
			isa = XCBuildConfiguration;
			buildSettings = {
				ASSETCATALOG_COMPILER_APPICON_NAME = AppIcon;
				CODE_SIGN_STYLE = Automatic;
				DEVELOPMENT_TEAM = P99EM85EA2;
				INFOPLIST_FILE = HowToPickImageFromImagepicker/Info.plist;
				LD_RUNPATH_SEARCH_PATHS = "$(inherited) @executable_path/Frameworks";
				PRODUCT_BUNDLE_IDENTIFIER = dimas.HowToPickImageFromImagepicker;
				PRODUCT_NAME = "$(TARGET_NAME)";
				SWIFT_VERSION = 4.0;
				TARGETED_DEVICE_FAMILY = "1,2";
			};
			name = Debug;
		};
		528F6CB72029E8F400446BEF /* Release */ = {
			isa = XCBuildConfiguration;
			buildSettings = {
				ASSETCATALOG_COMPILER_APPICON_NAME = AppIcon;
				CODE_SIGN_STYLE = Automatic;
				DEVELOPMENT_TEAM = P99EM85EA2;
				INFOPLIST_FILE = HowToPickImageFromImagepicker/Info.plist;
				LD_RUNPATH_SEARCH_PATHS = "$(inherited) @executable_path/Frameworks";
				PRODUCT_BUNDLE_IDENTIFIER = dimas.HowToPickImageFromImagepicker;
				PRODUCT_NAME = "$(TARGET_NAME)";
				SWIFT_VERSION = 4.0;
				TARGETED_DEVICE_FAMILY = "1,2";
			};
			name = Release;
		};
/* End XCBuildConfiguration section */

/* Begin XCConfigurationList section */
		528F6C9E2029E8F300446BEF /* Build configuration list for PBXProject "HowToPickImageFromImagepicker" */ = {
			isa = XCConfigurationList;
			buildConfigurations = (
				528F6CB32029E8F400446BEF /* Debug */,
				528F6CB42029E8F400446BEF /* Release */,
			);
			defaultConfigurationIsVisible = 0;
			defaultConfigurationName = Release;
		};
		528F6CB52029E8F400446BEF /* Build configuration list for PBXNativeTarget "HowToPickImageFromImagepicker" */ = {
			isa = XCConfigurationList;
			buildConfigurations = (
				528F6CB62029E8F400446BEF /* Debug */,
				528F6CB72029E8F400446BEF /* Release */,
			);
			defaultConfigurationIsVisible = 0;
			defaultConfigurationName = Release;
		};
/* End XCConfigurationList section */
	};
	rootObject = 528F6C9B2029E8F300446BEF /* Project object */;
}
